// !$*UTF8*$!
{
	archiveVersion = 1;
	classes = {
	};
	objectVersion = 56;
	objects = {

/* Begin PBXBuildFile section */
		22097ABE2B149B37009D66D5 /* main.swift in Sources */ = {isa = PBXBuildFile; fileRef = 22097ABD2B149B37009D66D5 /* main.swift */; };
		22097AC12B149C34009D66D5 /* Computer.swift in Sources */ = {isa = PBXBuildFile; fileRef = 22097AC02B149C34009D66D5 /* Computer.swift */; };
		22097AC32B149C40009D66D5 /* Referee.swift in Sources */ = {isa = PBXBuildFile; fileRef = 22097AC22B149C40009D66D5 /* Referee.swift */; };
		22097AC62B149C6F009D66D5 /* Player.swift in Sources */ = {isa = PBXBuildFile; fileRef = 22097AC52B149C6F009D66D5 /* Player.swift */; };
		223E0E0D2B199E6A00F44BC2 /* Game.swift in Sources */ = {isa = PBXBuildFile; fileRef = 223E0E0C2B199E6A00F44BC2 /* Game.swift */; };
		22D021182B0F4136006F0280 /* GameManager.swift in Sources */ = {isa = PBXBuildFile; fileRef = 22D021172B0F4136006F0280 /* GameManager.swift */; };
		22D0211A2B0F4147006F0280 /* User.swift in Sources */ = {isa = PBXBuildFile; fileRef = 22D021192B0F4147006F0280 /* User.swift */; };
		C77120C02B1493BF00D155EE /* RockPaperScissors.swift in Sources */ = {isa = PBXBuildFile; fileRef = C77120BF2B1493BF00D155EE /* RockPaperScissors.swift */; };
		C77120C22B1494F600D155EE /* RPSOutcome.swift in Sources */ = {isa = PBXBuildFile; fileRef = C77120C12B1494F500D155EE /* RPSOutcome.swift */; };
		C77120C52B14B58B00D155EE /* InputHandler.swift in Sources */ = {isa = PBXBuildFile; fileRef = C77120C42B14B58B00D155EE /* InputHandler.swift */; };
		C77120C72B14B5A700D155EE /* PrintingHandler.swift in Sources */ = {isa = PBXBuildFile; fileRef = C77120C62B14B5A700D155EE /* PrintingHandler.swift */; };
		C77120C92B14B70000D155EE /* Option.swift in Sources */ = {isa = PBXBuildFile; fileRef = C77120C82B14B70000D155EE /* Option.swift */; };
		C7E255F52B15C0DE0055F241 /* PlayerTurn.swift in Sources */ = {isa = PBXBuildFile; fileRef = C7E255F42B15C0DE0055F241 /* PlayerTurn.swift */; };
/* End PBXBuildFile section */

/* Begin PBXCopyFilesBuildPhase section */
		22D021092B0F4008006F0280 /* CopyFiles */ = {
			isa = PBXCopyFilesBuildPhase;
			buildActionMask = 2147483647;
			dstPath = /usr/share/man/man1/;
			dstSubfolderSpec = 0;
			files = (
			);
			runOnlyForDeploymentPostprocessing = 1;
		};
/* End PBXCopyFilesBuildPhase section */

/* Begin PBXFileReference section */
		22097ABD2B149B37009D66D5 /* main.swift */ = {isa = PBXFileReference; lastKnownFileType = sourcecode.swift; path = main.swift; sourceTree = "<group>"; };
		22097AC02B149C34009D66D5 /* Computer.swift */ = {isa = PBXFileReference; lastKnownFileType = sourcecode.swift; path = Computer.swift; sourceTree = "<group>"; };
		22097AC22B149C40009D66D5 /* Referee.swift */ = {isa = PBXFileReference; lastKnownFileType = sourcecode.swift; path = Referee.swift; sourceTree = "<group>"; };
		22097AC52B149C6F009D66D5 /* Player.swift */ = {isa = PBXFileReference; lastKnownFileType = sourcecode.swift; path = Player.swift; sourceTree = "<group>"; };
		223E0E0C2B199E6A00F44BC2 /* Game.swift */ = {isa = PBXFileReference; lastKnownFileType = sourcecode.swift; path = Game.swift; sourceTree = "<group>"; };
		22D0210B2B0F4008006F0280 /* RockPaperScissors */ = {isa = PBXFileReference; explicitFileType = "compiled.mach-o.executable"; includeInIndex = 0; path = RockPaperScissors; sourceTree = BUILT_PRODUCTS_DIR; };
		22D021172B0F4136006F0280 /* GameManager.swift */ = {isa = PBXFileReference; lastKnownFileType = sourcecode.swift; path = GameManager.swift; sourceTree = "<group>"; };
		22D021192B0F4147006F0280 /* User.swift */ = {isa = PBXFileReference; lastKnownFileType = sourcecode.swift; path = User.swift; sourceTree = "<group>"; };
		C77120BF2B1493BF00D155EE /* RockPaperScissors.swift */ = {isa = PBXFileReference; lastKnownFileType = sourcecode.swift; path = RockPaperScissors.swift; sourceTree = "<group>"; };
		C77120C12B1494F500D155EE /* RPSOutcome.swift */ = {isa = PBXFileReference; lastKnownFileType = sourcecode.swift; path = RPSOutcome.swift; sourceTree = "<group>"; };
		C77120C42B14B58B00D155EE /* InputHandler.swift */ = {isa = PBXFileReference; lastKnownFileType = sourcecode.swift; path = InputHandler.swift; sourceTree = "<group>"; };
		C77120C62B14B5A700D155EE /* PrintingHandler.swift */ = {isa = PBXFileReference; lastKnownFileType = sourcecode.swift; path = PrintingHandler.swift; sourceTree = "<group>"; };
		C77120C82B14B70000D155EE /* Option.swift */ = {isa = PBXFileReference; lastKnownFileType = sourcecode.swift; path = Option.swift; sourceTree = "<group>"; };
		C7E255F42B15C0DE0055F241 /* PlayerTurn.swift */ = {isa = PBXFileReference; lastKnownFileType = sourcecode.swift; path = PlayerTurn.swift; sourceTree = "<group>"; };
/* End PBXFileReference section */

/* Begin PBXFrameworksBuildPhase section */
		22D021082B0F4008006F0280 /* Frameworks */ = {
			isa = PBXFrameworksBuildPhase;
			buildActionMask = 2147483647;
			files = (
			);
			runOnlyForDeploymentPostprocessing = 0;
		};
/* End PBXFrameworksBuildPhase section */

/* Begin PBXGroup section */
		22097ABF2B149C21009D66D5 /* Role */ = {
			isa = PBXGroup;
			children = (
				22D021172B0F4136006F0280 /* GameManager.swift */,
				22097AC22B149C40009D66D5 /* Referee.swift */,
				22097AC52B149C6F009D66D5 /* Player.swift */,
				22D021192B0F4147006F0280 /* User.swift */,
				22097AC02B149C34009D66D5 /* Computer.swift */,
			);
			path = Role;
			sourceTree = "<group>";
		};
		22D021022B0F4008006F0280 = {
			isa = PBXGroup;
			children = (
				22D0210D2B0F4008006F0280 /* RockPaperScissors */,
				22D0210C2B0F4008006F0280 /* Products */,
			);
			sourceTree = "<group>";
		};
		22D0210C2B0F4008006F0280 /* Products */ = {
			isa = PBXGroup;
			children = (
				22D0210B2B0F4008006F0280 /* RockPaperScissors */,
			);
			name = Products;
			sourceTree = "<group>";
		};
		22D0210D2B0F4008006F0280 /* RockPaperScissors */ = {
			isa = PBXGroup;
			children = (
				22097ABD2B149B37009D66D5 /* main.swift */,
				C77120BE2B14939400D155EE /* Enum */,
				22097ABF2B149C21009D66D5 /* Role */,
				C77120C32B14B56500D155EE /* Handler */,
			);
			path = RockPaperScissors;
			sourceTree = "<group>";
		};
		C77120BE2B14939400D155EE /* Enum */ = {
			isa = PBXGroup;
			children = (
				C77120C82B14B70000D155EE /* Option.swift */,
				C77120BF2B1493BF00D155EE /* RockPaperScissors.swift */,
				C77120C12B1494F500D155EE /* RPSOutcome.swift */,
				C7E255F42B15C0DE0055F241 /* PlayerTurn.swift */,
				223E0E0C2B199E6A00F44BC2 /* Game.swift */,
			);
			path = Enum;
			sourceTree = "<group>";
		};
		C77120C32B14B56500D155EE /* Handler */ = {
			isa = PBXGroup;
			children = (
				C77120C42B14B58B00D155EE /* InputHandler.swift */,
				C77120C62B14B5A700D155EE /* PrintingHandler.swift */,
			);
			path = Handler;
			sourceTree = "<group>";
		};
/* End PBXGroup section */

/* Begin PBXNativeTarget section */
		22D0210A2B0F4008006F0280 /* RockPaperScissors */ = {
			isa = PBXNativeTarget;
			buildConfigurationList = 22D021122B0F4008006F0280 /* Build configuration list for PBXNativeTarget "RockPaperScissors" */;
			buildPhases = (
				22D021072B0F4008006F0280 /* Sources */,
				22D021082B0F4008006F0280 /* Frameworks */,
				22D021092B0F4008006F0280 /* CopyFiles */,
			);
			buildRules = (
			);
			dependencies = (
			);
			name = RockPaperScissors;
			productName = RockPaperScissors;
			productReference = 22D0210B2B0F4008006F0280 /* RockPaperScissors */;
			productType = "com.apple.product-type.tool";
		};
/* End PBXNativeTarget section */

/* Begin PBXProject section */
		22D021032B0F4008006F0280 /* Project object */ = {
			isa = PBXProject;
			attributes = {
				BuildIndependentTargetsInParallel = 1;
				LastSwiftUpdateCheck = 1500;
				LastUpgradeCheck = 1500;
				TargetAttributes = {
					22D0210A2B0F4008006F0280 = {
						CreatedOnToolsVersion = 15.0.1;
					};
				};
			};
			buildConfigurationList = 22D021062B0F4008006F0280 /* Build configuration list for PBXProject "RockPaperScissors" */;
			compatibilityVersion = "Xcode 14.0";
			developmentRegion = en;
			hasScannedForEncodings = 0;
			knownRegions = (
				en,
				Base,
			);
			mainGroup = 22D021022B0F4008006F0280;
			productRefGroup = 22D0210C2B0F4008006F0280 /* Products */;
			projectDirPath = "";
			projectRoot = "";
			targets = (
				22D0210A2B0F4008006F0280 /* RockPaperScissors */,
			);
		};
/* End PBXProject section */

/* Begin PBXSourcesBuildPhase section */
		22D021072B0F4008006F0280 /* Sources */ = {
			isa = PBXSourcesBuildPhase;
			buildActionMask = 2147483647;
			files = (
				22097AC12B149C34009D66D5 /* Computer.swift in Sources */,
				C7E255F52B15C0DE0055F241 /* PlayerTurn.swift in Sources */,
				C77120C52B14B58B00D155EE /* InputHandler.swift in Sources */,
				223E0E0D2B199E6A00F44BC2 /* Game.swift in Sources */,
				22D021182B0F4136006F0280 /* GameManager.swift in Sources */,
				22097ABE2B149B37009D66D5 /* main.swift in Sources */,
				C77120C02B1493BF00D155EE /* RockPaperScissors.swift in Sources */,
				22097AC62B149C6F009D66D5 /* Player.swift in Sources */,
				C77120C22B1494F600D155EE /* RPSOutcome.swift in Sources */,
				C77120C72B14B5A700D155EE /* PrintingHandler.swift in Sources */,
				22097AC32B149C40009D66D5 /* Referee.swift in Sources */,
				22D0211A2B0F4147006F0280 /* User.swift in Sources */,
				C77120C92B14B70000D155EE /* Option.swift in Sources */,
			);
			runOnlyForDeploymentPostprocessing = 0;
		};
/* End PBXSourcesBuildPhase section */

/* Begin XCBuildConfiguration section */
		22D021102B0F4008006F0280 /* Debug */ = {
			isa = XCBuildConfiguration;
			buildSettings = {
				ALWAYS_SEARCH_USER_PATHS = NO;
				ASSETCATALOG_COMPILER_GENERATE_SWIFT_ASSET_SYMBOL_EXTENSIONS = YES;
				CLANG_ANALYZER_NONNULL = YES;
				CLANG_ANALYZER_NUMBER_OBJECT_CONVERSION = YES_AGGRESSIVE;
				CLANG_CXX_LANGUAGE_STANDARD = "gnu++20";
				CLANG_ENABLE_MODULES = YES;
				CLANG_ENABLE_OBJC_ARC = YES;
				CLANG_ENABLE_OBJC_WEAK = YES;
				CLANG_WARN_BLOCK_CAPTURE_AUTORELEASING = YES;
				CLANG_WARN_BOOL_CONVERSION = YES;
				CLANG_WARN_COMMA = YES;
				CLANG_WARN_CONSTANT_CONVERSION = YES;
				CLANG_WARN_DEPRECATED_OBJC_IMPLEMENTATIONS = YES;
				CLANG_WARN_DIRECT_OBJC_ISA_USAGE = YES_ERROR;
				CLANG_WARN_DOCUMENTATION_COMMENTS = YES;
				CLANG_WARN_EMPTY_BODY = YES;
				CLANG_WARN_ENUM_CONVERSION = YES;
				CLANG_WARN_INFINITE_RECURSION = YES;
				CLANG_WARN_INT_CONVERSION = YES;
				CLANG_WARN_NON_LITERAL_NULL_CONVERSION = YES;
				CLANG_WARN_OBJC_IMPLICIT_RETAIN_SELF = YES;
				CLANG_WARN_OBJC_LITERAL_CONVERSION = YES;
				CLANG_WARN_OBJC_ROOT_CLASS = YES_ERROR;
				CLANG_WARN_QUOTED_INCLUDE_IN_FRAMEWORK_HEADER = YES;
				CLANG_WARN_RANGE_LOOP_ANALYSIS = YES;
				CLANG_WARN_STRICT_PROTOTYPES = YES;
				CLANG_WARN_SUSPICIOUS_MOVE = YES;
				CLANG_WARN_UNGUARDED_AVAILABILITY = YES_AGGRESSIVE;
				CLANG_WARN_UNREACHABLE_CODE = YES;
				CLANG_WARN__DUPLICATE_METHOD_MATCH = YES;
				COPY_PHASE_STRIP = NO;
				DEBUG_INFORMATION_FORMAT = dwarf;
				ENABLE_STRICT_OBJC_MSGSEND = YES;
				ENABLE_TESTABILITY = YES;
				ENABLE_USER_SCRIPT_SANDBOXING = YES;
				GCC_C_LANGUAGE_STANDARD = gnu17;
				GCC_DYNAMIC_NO_PIC = NO;
				GCC_NO_COMMON_BLOCKS = YES;
				GCC_OPTIMIZATION_LEVEL = 0;
				GCC_PREPROCESSOR_DEFINITIONS = (
					"DEBUG=1",
					"$(inherited)",
				);
				GCC_WARN_64_TO_32_BIT_CONVERSION = YES;
				GCC_WARN_ABOUT_RETURN_TYPE = YES_ERROR;
				GCC_WARN_UNDECLARED_SELECTOR = YES;
				GCC_WARN_UNINITIALIZED_AUTOS = YES_AGGRESSIVE;
				GCC_WARN_UNUSED_FUNCTION = YES;
				GCC_WARN_UNUSED_VARIABLE = YES;
				LOCALIZATION_PREFERS_STRING_CATALOGS = YES;
				MACOSX_DEPLOYMENT_TARGET = 14.0;
				MTL_ENABLE_DEBUG_INFO = INCLUDE_SOURCE;
				MTL_FAST_MATH = YES;
				ONLY_ACTIVE_ARCH = YES;
				SDKROOT = macosx;
				SWIFT_ACTIVE_COMPILATION_CONDITIONS = "DEBUG $(inherited)";
				SWIFT_OPTIMIZATION_LEVEL = "-Onone";
			};
			name = Debug;
		};
		22D021112B0F4008006F0280 /* Release */ = {
			isa = XCBuildConfiguration;
			buildSettings = {
				ALWAYS_SEARCH_USER_PATHS = NO;
				ASSETCATALOG_COMPILER_GENERATE_SWIFT_ASSET_SYMBOL_EXTENSIONS = YES;
				CLANG_ANALYZER_NONNULL = YES;
				CLANG_ANALYZER_NUMBER_OBJECT_CONVERSION = YES_AGGRESSIVE;
				CLANG_CXX_LANGUAGE_STANDARD = "gnu++20";
				CLANG_ENABLE_MODULES = YES;
				CLANG_ENABLE_OBJC_ARC = YES;
				CLANG_ENABLE_OBJC_WEAK = YES;
				CLANG_WARN_BLOCK_CAPTURE_AUTORELEASING = YES;
				CLANG_WARN_BOOL_CONVERSION = YES;
				CLANG_WARN_COMMA = YES;
				CLANG_WARN_CONSTANT_CONVERSION = YES;
				CLANG_WARN_DEPRECATED_OBJC_IMPLEMENTATIONS = YES;
				CLANG_WARN_DIRECT_OBJC_ISA_USAGE = YES_ERROR;
				CLANG_WARN_DOCUMENTATION_COMMENTS = YES;
				CLANG_WARN_EMPTY_BODY = YES;
				CLANG_WARN_ENUM_CONVERSION = YES;
				CLANG_WARN_INFINITE_RECURSION = YES;
				CLANG_WARN_INT_CONVERSION = YES;
				CLANG_WARN_NON_LITERAL_NULL_CONVERSION = YES;
				CLANG_WARN_OBJC_IMPLICIT_RETAIN_SELF = YES;
				CLANG_WARN_OBJC_LITERAL_CONVERSION = YES;
				CLANG_WARN_OBJC_ROOT_CLASS = YES_ERROR;
				CLANG_WARN_QUOTED_INCLUDE_IN_FRAMEWORK_HEADER = YES;
				CLANG_WARN_RANGE_LOOP_ANALYSIS = YES;
				CLANG_WARN_STRICT_PROTOTYPES = YES;
				CLANG_WARN_SUSPICIOUS_MOVE = YES;
				CLANG_WARN_UNGUARDED_AVAILABILITY = YES_AGGRESSIVE;
				CLANG_WARN_UNREACHABLE_CODE = YES;
				CLANG_WARN__DUPLICATE_METHOD_MATCH = YES;
				COPY_PHASE_STRIP = NO;
				DEBUG_INFORMATION_FORMAT = "dwarf-with-dsym";
				ENABLE_NS_ASSERTIONS = NO;
				ENABLE_STRICT_OBJC_MSGSEND = YES;
				ENABLE_USER_SCRIPT_SANDBOXING = YES;
				GCC_C_LANGUAGE_STANDARD = gnu17;
				GCC_NO_COMMON_BLOCKS = YES;
				GCC_WARN_64_TO_32_BIT_CONVERSION = YES;
				GCC_WARN_ABOUT_RETURN_TYPE = YES_ERROR;
				GCC_WARN_UNDECLARED_SELECTOR = YES;
				GCC_WARN_UNINITIALIZED_AUTOS = YES_AGGRESSIVE;
				GCC_WARN_UNUSED_FUNCTION = YES;
				GCC_WARN_UNUSED_VARIABLE = YES;
				LOCALIZATION_PREFERS_STRING_CATALOGS = YES;
				MACOSX_DEPLOYMENT_TARGET = 14.0;
				MTL_ENABLE_DEBUG_INFO = NO;
				MTL_FAST_MATH = YES;
				SDKROOT = macosx;
				SWIFT_COMPILATION_MODE = wholemodule;
			};
			name = Release;
		};
		22D021132B0F4008006F0280 /* Debug */ = {
			isa = XCBuildConfiguration;
			buildSettings = {
				CODE_SIGN_STYLE = Automatic;
				PRODUCT_NAME = "$(TARGET_NAME)";
				SWIFT_VERSION = 5.0;
			};
			name = Debug;
		};
		22D021142B0F4008006F0280 /* Release */ = {
			isa = XCBuildConfiguration;
			buildSettings = {
				CODE_SIGN_STYLE = Automatic;
				PRODUCT_NAME = "$(TARGET_NAME)";
				SWIFT_VERSION = 5.0;
			};
			name = Release;
		};
/* End XCBuildConfiguration section */

/* Begin XCConfigurationList section */
		22D021062B0F4008006F0280 /* Build configuration list for PBXProject "RockPaperScissors" */ = {
			isa = XCConfigurationList;
			buildConfigurations = (
				22D021102B0F4008006F0280 /* Debug */,
				22D021112B0F4008006F0280 /* Release */,
			);
			defaultConfigurationIsVisible = 0;
			defaultConfigurationName = Release;
		};
		22D021122B0F4008006F0280 /* Build configuration list for PBXNativeTarget "RockPaperScissors" */ = {
			isa = XCConfigurationList;
			buildConfigurations = (
				22D021132B0F4008006F0280 /* Debug */,
				22D021142B0F4008006F0280 /* Release */,
			);
			defaultConfigurationIsVisible = 0;
			defaultConfigurationName = Release;
		};
/* End XCConfigurationList section */
	};
	rootObject = 22D021032B0F4008006F0280 /* Project object */;
}
